
Microsoft Visual Studio Solution File, Format Version 12.00
# Visual Studio 15
VisualStudioVersion = 15.0.27703.2035
MinimumVisualStudioVersion = 10.0.40219.1
Project("{FAE04EC0-301F-11D3-BF4B-00C04F79EFBC}") = "Project2", "Project2\Project2.csproj", "{9C04184B-92DA-407B-9D36-FA671A9DE46A}"
EndProject
Global
	GlobalSection(SolutionConfigurationPlatforms) = preSolution
		Debug|Any CPU = Debug|Any CPU
		Release|Any CPU = Release|Any CPU
	EndGlobalSection
	GlobalSection(ProjectConfigurationPlatforms) = postSolution
		{9C04184B-92DA-407B-9D36-FA671A9DE46A}.Debug|Any CPU.ActiveCfg = Debug|Any CPU
		{9C04184B-92DA-407B-9D36-FA671A9DE46A}.Debug|Any CPU.Build.0 = Debug|Any CPU
		{9C04184B-92DA-407B-9D36-FA671A9DE46A}.Release|Any CPU.ActiveCfg = Release|Any CPU
		{9C04184B-92DA-407B-9D36-FA671A9DE46A}.Release|Any CPU.Build.0 = Release|Any CPU
	EndGlobalSection
	GlobalSection(SolutionProperties) = preSolution
		HideSolutionNode = FALSE
	EndGlobalSection
	GlobalSection(ExtensibilityGlobals) = postSolution
		SolutionGuid = {BAF3DE7C-2272-4FD4-BAF4-88F37F642AF1}
	EndGlobalSection
EndGlobal
